
Microsoft Visual Studio Solution File, Format Version 12.00
# Visual Studio Version 17
VisualStudioVersion = 17.0.32126.317
MinimumVisualStudioVersion = 10.0.40219.1
Project("{FAE04EC0-301F-11D3-BF4B-00C04F79EFBC}") = "Ntec2.Redis", "Ntec2.Redis\Ntec2.Redis.csproj", "{46C170A9-2EFE-4131-B403-D8267424993F}"
EndProject
Global
	GlobalSection(SolutionConfigurationPlatforms) = preSolution
		Debug|Any CPU = Debug|Any CPU
		Release|Any CPU = Release|Any CPU
	EndGlobalSection
	GlobalSection(ProjectConfigurationPlatforms) = postSolution
		{46C170A9-2EFE-4131-B403-D8267424993F}.Debug|Any CPU.ActiveCfg = Debug|Any CPU
		{46C170A9-2EFE-4131-B403-D8267424993F}.Debug|Any CPU.Build.0 = Debug|Any CPU
		{46C170A9-2EFE-4131-B403-D8267424993F}.Release|Any CPU.ActiveCfg = Release|Any CPU
		{46C170A9-2EFE-4131-B403-D8267424993F}.Release|Any CPU.Build.0 = Release|Any CPU
	EndGlobalSection
	GlobalSection(SolutionProperties) = preSolution
		HideSolutionNode = FALSE
	EndGlobalSection
	GlobalSection(ExtensibilityGlobals) = postSolution
		SolutionGuid = {29A6C791-734F-41C6-8255-77055C80E3FA}
	EndGlobalSection
EndGlobal
